
Microsoft Visual Studio Solution File, Format Version 12.00
# Visual Studio 15
VisualStudioVersion = 15.0.28307.572
MinimumVisualStudioVersion = 10.0.40219.1
Project("{9A19103F-16F7-4668-BE54-9A1E7A4F7556}") = "StructuralAnalysis", "src\StructuralAnalysis\StructuralAnalysis.csproj", "{3ECE5253-54FD-4C8C-9E55-8AAF501E05A8}"
EndProject
Project("{9A19103F-16F7-4668-BE54-9A1E7A4F7556}") = "Randomizer", "src\Randomizer\Randomizer.csproj", "{72EDF506-AC5E-4EAA-8AD1-08524769DDA3}"
EndProject
Project("{9A19103F-16F7-4668-BE54-9A1E7A4F7556}") = "Common", "src\Common\Common.csproj", "{EE5F592F-B933-45A4-82B6-066515C74ACA}"
EndProject
Project("{9A19103F-16F7-4668-BE54-9A1E7A4F7556}") = "StructuralAnalysis.Tests", "test\StructuralAnalysis.Tests\StructuralAnalysis.Tests.csproj", "{6F8FF0CD-4A35-4B20-9D83-09536840382E}"
EndProject
Project("{9A19103F-16F7-4668-BE54-9A1E7A4F7556}") = "BuildingLayout", "src\BuildingLayout\BuildingLayout.csproj", "{499F7E1C-AB35-4527-B6D4-A1AC48FB38C1}"
EndProject
Project("{9A19103F-16F7-4668-BE54-9A1E7A4F7556}") = "UnitDistributorTests", "src\UnitDistributorTests\UnitDistributorTests.csproj", "{D8A4F141-2E86-4222-9359-493C1E2959CA}"
EndProject
Project("{FAE04EC0-301F-11D3-BF4B-00C04F79EFBC}") = "GenerativeBuilding", "src\GenerativeBuilding\GenerativeBuilding.csproj", "{E0C9D596-78F8-4E57-927E-F5E17D927D20}"
EndProject
Project("{FAE04EC0-301F-11D3-BF4B-00C04F79EFBC}") = "Kaboom", "src\Kaboom\Kaboom.csproj", "{FBA27BE6-2EDE-4FDC-AD8D-954D4D3659EF}"
EndProject
Project("{FAE04EC0-301F-11D3-BF4B-00C04F79EFBC}") = "Common.Tests", "src\Common.Tests\Common.Tests.csproj", "{977A05C6-F069-4FC9-86F1-30D2D687E523}"
EndProject
Global
	GlobalSection(SolutionConfigurationPlatforms) = preSolution
		Debug|Any CPU = Debug|Any CPU
		Release|Any CPU = Release|Any CPU
	EndGlobalSection
	GlobalSection(ProjectConfigurationPlatforms) = postSolution
		{3ECE5253-54FD-4C8C-9E55-8AAF501E05A8}.Debug|Any CPU.ActiveCfg = Debug|Any CPU
		{3ECE5253-54FD-4C8C-9E55-8AAF501E05A8}.Debug|Any CPU.Build.0 = Debug|Any CPU
		{3ECE5253-54FD-4C8C-9E55-8AAF501E05A8}.Release|Any CPU.ActiveCfg = Release|Any CPU
		{3ECE5253-54FD-4C8C-9E55-8AAF501E05A8}.Release|Any CPU.Build.0 = Release|Any CPU
		{72EDF506-AC5E-4EAA-8AD1-08524769DDA3}.Debug|Any CPU.ActiveCfg = Debug|Any CPU
		{72EDF506-AC5E-4EAA-8AD1-08524769DDA3}.Debug|Any CPU.Build.0 = Debug|Any CPU
		{72EDF506-AC5E-4EAA-8AD1-08524769DDA3}.Release|Any CPU.ActiveCfg = Release|Any CPU
		{72EDF506-AC5E-4EAA-8AD1-08524769DDA3}.Release|Any CPU.Build.0 = Release|Any CPU
		{EE5F592F-B933-45A4-82B6-066515C74ACA}.Debug|Any CPU.ActiveCfg = Debug|Any CPU
		{EE5F592F-B933-45A4-82B6-066515C74ACA}.Debug|Any CPU.Build.0 = Debug|Any CPU
		{EE5F592F-B933-45A4-82B6-066515C74ACA}.Release|Any CPU.ActiveCfg = Release|Any CPU
		{EE5F592F-B933-45A4-82B6-066515C74ACA}.Release|Any CPU.Build.0 = Release|Any CPU
		{6F8FF0CD-4A35-4B20-9D83-09536840382E}.Debug|Any CPU.ActiveCfg = Debug|Any CPU
		{6F8FF0CD-4A35-4B20-9D83-09536840382E}.Debug|Any CPU.Build.0 = Debug|Any CPU
		{6F8FF0CD-4A35-4B20-9D83-09536840382E}.Release|Any CPU.ActiveCfg = Release|Any CPU
		{6F8FF0CD-4A35-4B20-9D83-09536840382E}.Release|Any CPU.Build.0 = Release|Any CPU
		{499F7E1C-AB35-4527-B6D4-A1AC48FB38C1}.Debug|Any CPU.ActiveCfg = Debug|Any CPU
		{499F7E1C-AB35-4527-B6D4-A1AC48FB38C1}.Debug|Any CPU.Build.0 = Debug|Any CPU
		{499F7E1C-AB35-4527-B6D4-A1AC48FB38C1}.Release|Any CPU.ActiveCfg = Release|Any CPU
		{499F7E1C-AB35-4527-B6D4-A1AC48FB38C1}.Release|Any CPU.Build.0 = Release|Any CPU
		{D8A4F141-2E86-4222-9359-493C1E2959CA}.Debug|Any CPU.ActiveCfg = Debug|Any CPU
		{D8A4F141-2E86-4222-9359-493C1E2959CA}.Debug|Any CPU.Build.0 = Debug|Any CPU
		{D8A4F141-2E86-4222-9359-493C1E2959CA}.Release|Any CPU.ActiveCfg = Release|Any CPU
		{D8A4F141-2E86-4222-9359-493C1E2959CA}.Release|Any CPU.Build.0 = Release|Any CPU
		{E0C9D596-78F8-4E57-927E-F5E17D927D20}.Debug|Any CPU.ActiveCfg = Debug|Any CPU
		{E0C9D596-78F8-4E57-927E-F5E17D927D20}.Debug|Any CPU.Build.0 = Debug|Any CPU
		{E0C9D596-78F8-4E57-927E-F5E17D927D20}.Release|Any CPU.ActiveCfg = Release|Any CPU
		{E0C9D596-78F8-4E57-927E-F5E17D927D20}.Release|Any CPU.Build.0 = Release|Any CPU
		{FBA27BE6-2EDE-4FDC-AD8D-954D4D3659EF}.Debug|Any CPU.ActiveCfg = Debug|Any CPU
		{FBA27BE6-2EDE-4FDC-AD8D-954D4D3659EF}.Debug|Any CPU.Build.0 = Debug|Any CPU
		{FBA27BE6-2EDE-4FDC-AD8D-954D4D3659EF}.Release|Any CPU.ActiveCfg = Release|Any CPU
		{FBA27BE6-2EDE-4FDC-AD8D-954D4D3659EF}.Release|Any CPU.Build.0 = Release|Any CPU
		{977A05C6-F069-4FC9-86F1-30D2D687E523}.Debug|Any CPU.ActiveCfg = Debug|Any CPU
		{977A05C6-F069-4FC9-86F1-30D2D687E523}.Debug|Any CPU.Build.0 = Debug|Any CPU
		{977A05C6-F069-4FC9-86F1-30D2D687E523}.Release|Any CPU.ActiveCfg = Release|Any CPU
		{977A05C6-F069-4FC9-86F1-30D2D687E523}.Release|Any CPU.Build.0 = Release|Any CPU
	EndGlobalSection
	GlobalSection(SolutionProperties) = preSolution
		HideSolutionNode = FALSE
	EndGlobalSection
	GlobalSection(ExtensibilityGlobals) = postSolution
		SolutionGuid = {05E1B8A4-2E71-44C4-887E-5CB00521FD87}
	EndGlobalSection
EndGlobal
